
Microsoft Visual Studio Solution File, Format Version 12.00
# Visual Studio 15
VisualStudioVersion = 15.0.26228.9
MinimumVisualStudioVersion = 10.0.40219.1
Project("{9A19103F-16F7-4668-BE54-9A1E7A4F7556}") = "TimePeriod", "TimePeriod\TimePeriod.csproj", "{44E40077-BCA8-482A-824A-93589AF47E67}"
EndProject
Project("{9A19103F-16F7-4668-BE54-9A1E7A4F7556}") = "TimePeriod.Tests", "TimePeriodTests\TimePeriod.Tests.csproj", "{E3F2233F-77B6-4646-B30E-66EE813554F7}"
EndProject
Project("{9A19103F-16F7-4668-BE54-9A1E7A4F7556}") = "TimePeriodDemo", "TimePeriodDemo\TimePeriodDemo.csproj", "{ADC53CBD-3957-411D-8FF6-FE0A9D7E6C81}"
EndProject
Global
	GlobalSection(SolutionConfigurationPlatforms) = preSolution
		Debug|Any CPU = Debug|Any CPU
		Release|Any CPU = Release|Any CPU
	EndGlobalSection
	GlobalSection(ProjectConfigurationPlatforms) = postSolution
		{44E40077-BCA8-482A-824A-93589AF47E67}.Debug|Any CPU.ActiveCfg = Debug|Any CPU
		{44E40077-BCA8-482A-824A-93589AF47E67}.Debug|Any CPU.Build.0 = Debug|Any CPU
		{44E40077-BCA8-482A-824A-93589AF47E67}.Release|Any CPU.ActiveCfg = Release|Any CPU
		{44E40077-BCA8-482A-824A-93589AF47E67}.Release|Any CPU.Build.0 = Release|Any CPU
		{E3F2233F-77B6-4646-B30E-66EE813554F7}.Debug|Any CPU.ActiveCfg = Debug|Any CPU
		{E3F2233F-77B6-4646-B30E-66EE813554F7}.Debug|Any CPU.Build.0 = Debug|Any CPU
		{E3F2233F-77B6-4646-B30E-66EE813554F7}.Release|Any CPU.ActiveCfg = Release|Any CPU
		{E3F2233F-77B6-4646-B30E-66EE813554F7}.Release|Any CPU.Build.0 = Release|Any CPU
		{ADC53CBD-3957-411D-8FF6-FE0A9D7E6C81}.Debug|Any CPU.ActiveCfg = Debug|Any CPU
		{ADC53CBD-3957-411D-8FF6-FE0A9D7E6C81}.Debug|Any CPU.Build.0 = Debug|Any CPU
		{ADC53CBD-3957-411D-8FF6-FE0A9D7E6C81}.Release|Any CPU.ActiveCfg = Release|Any CPU
		{ADC53CBD-3957-411D-8FF6-FE0A9D7E6C81}.Release|Any CPU.Build.0 = Release|Any CPU
	EndGlobalSection
	GlobalSection(SolutionProperties) = preSolution
		HideSolutionNode = FALSE
	EndGlobalSection
	GlobalSection(ExtensibilityGlobals) = postSolution
		SolutionGuid = {E03008EA-6EA2-47F7-89F3-38589999D452}
	EndGlobalSection
EndGlobal
